
Microsoft Visual Studio Solution File, Format Version 12.00
# Visual Studio Version 16
VisualStudioVersion = 16.0.30804.86
MinimumVisualStudioVersion = 10.0.40219.1
Project("{FAE04EC0-301F-11D3-BF4B-00C04F79EFBC}") = "OnePennyCoin", "OnePennyCoin\OnePennyCoin.csproj", "{EAE376EE-8109-4FBC-9312-5ED8F8929FAA}"
EndProject
Project("{FAE04EC0-301F-11D3-BF4B-00C04F79EFBC}") = "OnePennyCoin.Core", "OnePennyCoin.Core\OnePennyCoin.Core.csproj", "{44C49135-BAC1-4361-94A5-7A11C678DDFB}"
EndProject
Project("{FAE04EC0-301F-11D3-BF4B-00C04F79EFBC}") = "OnePennyCoin.Tests", "OnePennyCoin.Tests\OnePennyCoin.Tests.csproj", "{CE868BFF-18E7-450B-9A62-1D3987874769}"
EndProject
Global
	GlobalSection(SolutionConfigurationPlatforms) = preSolution
		Debug|Any CPU = Debug|Any CPU
		Release|Any CPU = Release|Any CPU
	EndGlobalSection
	GlobalSection(ProjectConfigurationPlatforms) = postSolution
		{EAE376EE-8109-4FBC-9312-5ED8F8929FAA}.Debug|Any CPU.ActiveCfg = Debug|Any CPU
		{EAE376EE-8109-4FBC-9312-5ED8F8929FAA}.Debug|Any CPU.Build.0 = Debug|Any CPU
		{EAE376EE-8109-4FBC-9312-5ED8F8929FAA}.Release|Any CPU.ActiveCfg = Release|Any CPU
		{EAE376EE-8109-4FBC-9312-5ED8F8929FAA}.Release|Any CPU.Build.0 = Release|Any CPU
		{44C49135-BAC1-4361-94A5-7A11C678DDFB}.Debug|Any CPU.ActiveCfg = Debug|Any CPU
		{44C49135-BAC1-4361-94A5-7A11C678DDFB}.Debug|Any CPU.Build.0 = Debug|Any CPU
		{44C49135-BAC1-4361-94A5-7A11C678DDFB}.Release|Any CPU.ActiveCfg = Release|Any CPU
		{44C49135-BAC1-4361-94A5-7A11C678DDFB}.Release|Any CPU.Build.0 = Release|Any CPU
		{CE868BFF-18E7-450B-9A62-1D3987874769}.Debug|Any CPU.ActiveCfg = Debug|Any CPU
		{CE868BFF-18E7-450B-9A62-1D3987874769}.Debug|Any CPU.Build.0 = Debug|Any CPU
		{CE868BFF-18E7-450B-9A62-1D3987874769}.Release|Any CPU.ActiveCfg = Release|Any CPU
		{CE868BFF-18E7-450B-9A62-1D3987874769}.Release|Any CPU.Build.0 = Release|Any CPU
	EndGlobalSection
	GlobalSection(SolutionProperties) = preSolution
		HideSolutionNode = FALSE
	EndGlobalSection
	GlobalSection(ExtensibilityGlobals) = postSolution
		SolutionGuid = {83143343-3E03-49F9-8F28-D321D41C1FA9}
	EndGlobalSection
EndGlobal
